
Microsoft Visual Studio Solution File, Format Version 12.00
# Visual Studio Version 17
VisualStudioVersion = 17.5.002.0
MinimumVisualStudioVersion = 10.0.40219.1
Project("{9A19103F-16F7-4668-BE54-9A1E7A4F7556}") = "API", "API\API.csproj", "{5D1B3E4C-75C1-4066-A929-D0E246A2BB46}"
EndProject
Global
	GlobalSection(SolutionConfigurationPlatforms) = preSolution
		Debug|Any CPU = Debug|Any CPU
		Release|Any CPU = Release|Any CPU
	EndGlobalSection
	GlobalSection(ProjectConfigurationPlatforms) = postSolution
		{5D1B3E4C-75C1-4066-A929-D0E246A2BB46}.Debug|Any CPU.ActiveCfg = Debug|Any CPU
		{5D1B3E4C-75C1-4066-A929-D0E246A2BB46}.Debug|Any CPU.Build.0 = Debug|Any CPU
		{5D1B3E4C-75C1-4066-A929-D0E246A2BB46}.Release|Any CPU.ActiveCfg = Release|Any CPU
		{5D1B3E4C-75C1-4066-A929-D0E246A2BB46}.Release|Any CPU.Build.0 = Release|Any CPU
	EndGlobalSection
	GlobalSection(SolutionProperties) = preSolution
		HideSolutionNode = FALSE
	EndGlobalSection
	GlobalSection(ExtensibilityGlobals) = postSolution
		SolutionGuid = {6E4C42BC-D200-42E6-A9B6-2152DECE1EC7}
	EndGlobalSection
EndGlobal
